
Microsoft Visual Studio Solution File, Format Version 12.00
# Visual Studio 15
VisualStudioVersion = 15.0.28307.106
MinimumVisualStudioVersion = 10.0.40219.1
Project("{FAE04EC0-301F-11D3-BF4B-00C04F79EFBC}") = "InputRequest", "InputRequest\InputRequest.csproj", "{30AB5719-EF32-48E7-A658-C28CED0658EE}"
EndProject
Global
	GlobalSection(SolutionConfigurationPlatforms) = preSolution
		Debug|Any CPU = Debug|Any CPU
		Release|Any CPU = Release|Any CPU
	EndGlobalSection
	GlobalSection(ProjectConfigurationPlatforms) = postSolution
		{30AB5719-EF32-48E7-A658-C28CED0658EE}.Debug|Any CPU.ActiveCfg = Debug|Any CPU
		{30AB5719-EF32-48E7-A658-C28CED0658EE}.Debug|Any CPU.Build.0 = Debug|Any CPU
		{30AB5719-EF32-48E7-A658-C28CED0658EE}.Release|Any CPU.ActiveCfg = Release|Any CPU
		{30AB5719-EF32-48E7-A658-C28CED0658EE}.Release|Any CPU.Build.0 = Release|Any CPU
	EndGlobalSection
	GlobalSection(SolutionProperties) = preSolution
		HideSolutionNode = FALSE
	EndGlobalSection
	GlobalSection(ExtensibilityGlobals) = postSolution
		SolutionGuid = {B9074A1B-26BF-4298-A356-69045489B231}
	EndGlobalSection
EndGlobal
